
Microsoft Visual Studio Solution File, Format Version 12.00
# Visual Studio Version 16
VisualStudioVersion = 16.0.28803.452
MinimumVisualStudioVersion = 10.0.40219.1
Project("{9A19103F-16F7-4668-BE54-9A1E7A4F7556}") = "Simplify.Log", "Simplify.Log\Simplify.Log.csproj", "{DA27C4E4-081C-4BF6-B6EF-0D1C093450E4}"
EndProject
Project("{9A19103F-16F7-4668-BE54-9A1E7A4F7556}") = "Simplify.Templates", "Simplify.Templates\Simplify.Templates.csproj", "{9936D660-C421-4155-832E-EDA412A14506}"
EndProject
Project("{9A19103F-16F7-4668-BE54-9A1E7A4F7556}") = "Simplify.WindowsServices", "Simplify.WindowsServices\Simplify.WindowsServices.csproj", "{7F2A1DE8-B41E-4EC5-B4E2-248FF692E06A}"
EndProject
Project("{9A19103F-16F7-4668-BE54-9A1E7A4F7556}") = "Simplify.Mail", "Simplify.Mail\Simplify.Mail.csproj", "{B6530CBE-72B9-4EF6-9BDE-20D7220FF5DA}"
EndProject
Project("{9A19103F-16F7-4668-BE54-9A1E7A4F7556}") = "Simplify.Xml", "Simplify.Xml\Simplify.Xml.csproj", "{F9158939-08D1-4F10-9250-1437A8ED1799}"
EndProject
Project("{9A19103F-16F7-4668-BE54-9A1E7A4F7556}") = "Simplify.FluentNHibernate", "Simplify.FluentNHibernate\Simplify.FluentNHibernate.csproj", "{0F73C429-1B2F-48B7-9D38-20DA17AD350B}"
EndProject
Project("{2150E333-8FDC-42A3-9474-1A3956D46DE8}") = "Examples", "Examples", "{2D057C2A-06BD-48F2-A075-B6EC42D39007}"
EndProject
Project("{9A19103F-16F7-4668-BE54-9A1E7A4F7556}") = "Simplify.FluentNHibernate.Examples.Database", "Examples\Simplify.FluentNHibernate.Examples.Database\Simplify.FluentNHibernate.Examples.Database.csproj", "{5D326E8A-851B-4537-A477-838709FDB965}"
EndProject
Project("{9A19103F-16F7-4668-BE54-9A1E7A4F7556}") = "Simplify.FluentNHibernate.Examples.Domain", "Examples\Simplify.FluentNHibernate.Examples.Domain\Simplify.FluentNHibernate.Examples.Domain.csproj", "{959DF948-6208-4EA2-BBB8-BA87E6FDCAB7}"
EndProject
Project("{9A19103F-16F7-4668-BE54-9A1E7A4F7556}") = "Simplify.Resources", "Simplify.Resources\Simplify.Resources.csproj", "{C197714E-8EBA-4A27-8370-A6F8D1648762}"
EndProject
Project("{9A19103F-16F7-4668-BE54-9A1E7A4F7556}") = "Simplify.Windows.Forms", "Simplify.Windows.Forms\Simplify.Windows.Forms.csproj", "{95BAF8DC-B67D-4C65-82EF-7097199B256A}"
EndProject
Project("{9A19103F-16F7-4668-BE54-9A1E7A4F7556}") = "Simplify.IO", "Simplify.IO\Simplify.IO.csproj", "{A0BFE550-8E25-422A-89EC-821EB712392C}"
EndProject
Project("{9A19103F-16F7-4668-BE54-9A1E7A4F7556}") = "Simplify.Cryptography", "Simplify.Cryptography\Simplify.Cryptography.csproj", "{B0649DEA-1801-4BC4-97B0-756A796569CD}"
EndProject
Project("{9A19103F-16F7-4668-BE54-9A1E7A4F7556}") = "Simplify.String", "Simplify.String\Simplify.String.csproj", "{43FEB1F0-BEBC-4736-A67B-70A883747449}"
EndProject
Project("{9A19103F-16F7-4668-BE54-9A1E7A4F7556}") = "Simplify.System", "Simplify.System\Simplify.System.csproj", "{BB69325D-028C-4F20-8F46-B0F4D70598C8}"
EndProject
Project("{9A19103F-16F7-4668-BE54-9A1E7A4F7556}") = "Simplify.DI", "Simplify.DI\Simplify.DI.csproj", "{F83B9317-345D-4815-AC12-E71C0684CFEA}"
EndProject
Project("{9A19103F-16F7-4668-BE54-9A1E7A4F7556}") = "Simplify.DI.Provider.CastleWindsor", "Simplify.DI.Provider.CastleWindsor\Simplify.DI.Provider.CastleWindsor.csproj", "{24E43EA7-A88B-405D-B343-E4919147F70C}"
EndProject
Project("{9A19103F-16F7-4668-BE54-9A1E7A4F7556}") = "Simplify.DI.Provider.SimpleInjector", "Simplify.DI.Provider.SimpleInjector\Simplify.DI.Provider.SimpleInjector.csproj", "{27EAB5AE-F310-4A41-8D2F-59F773654783}"
EndProject
Project("{9A19103F-16F7-4668-BE54-9A1E7A4F7556}") = "Simplify.DI.Wcf", "Simplify.DI.Wcf\Simplify.DI.Wcf.csproj", "{E62E8148-E29B-4933-A336-5D3740FEB8CB}"
EndProject
Project("{2150E333-8FDC-42A3-9474-1A3956D46DE8}") = "DI", "DI", "{2D619A98-03A6-434F-B8CA-4473D4F8C52A}"
EndProject
Project("{2150E333-8FDC-42A3-9474-1A3956D46DE8}") = "Repository", "Repository", "{F43AE642-DC80-4BE0-93BD-8B718950C8BD}"
EndProject
Project("{9A19103F-16F7-4668-BE54-9A1E7A4F7556}") = "Simplify.Repository", "Simplify.Repository\Simplify.Repository.csproj", "{9EB05935-EAD1-4B3C-B758-0AF26338C474}"
EndProject
Project("{9A19103F-16F7-4668-BE54-9A1E7A4F7556}") = "Simplify.Repository.FluentNHibernate", "Simplify.Repository.FluentNHibernate\Simplify.Repository.FluentNHibernate.csproj", "{FB81EF87-C5C4-4D03-B229-2CC7DF3CF970}"
EndProject
Project("{9A19103F-16F7-4668-BE54-9A1E7A4F7556}") = "Simplify.Pipelines", "Simplify.Pipelines\Simplify.Pipelines.csproj", "{B8C5D2EA-6129-4F79-9753-2AA4DB98BA66}"
EndProject
Project("{9A19103F-16F7-4668-BE54-9A1E7A4F7556}") = "Simplify.DI.Provider.Microsoft.Extensions.DependencyInjection", "Simplify.DI.Provider.Microsoft.Extensions.DependencyInjection\Simplify.DI.Provider.Microsoft.Extensions.DependencyInjection.csproj", "{529D0CE0-F84C-4638-8EBF-54B6CA34ABD9}"
EndProject
Project("{9A19103F-16F7-4668-BE54-9A1E7A4F7556}") = "Simplify.Scheduler", "Simplify.Scheduler\Simplify.Scheduler.csproj", "{621710A3-6FC9-40E4-B8AF-9FB636762889}"
EndProject
Project("{2150E333-8FDC-42A3-9474-1A3956D46DE8}") = "Microsoft.Extensions.DependencyInjection", "Microsoft.Extensions.DependencyInjection", "{9092D210-2587-4E81-934B-5E4918EE1C5F}"
EndProject
Project("{2150E333-8FDC-42A3-9474-1A3956D46DE8}") = "WCF", "WCF", "{88B3AA14-8F8E-429F-A4E9-4B2423CF4279}"
EndProject
Project("{9A19103F-16F7-4668-BE54-9A1E7A4F7556}") = "Simplify.DI.Integration.Microsoft.Extensions.DependencyInjection", "Simplify.DI.Integration.Microsoft.Extensions.DependencyInjection\Simplify.DI.Integration.Microsoft.Extensions.DependencyInjection.csproj", "{A07ABF66-0516-4CE6-813A-8CAF4E7D5022}"
EndProject
Project("{9A19103F-16F7-4668-BE54-9A1E7A4F7556}") = "Simplify.DI.Integration.Microsoft.Extensions.DependencyInjection.Tester", "Simplify.DI.Integration.Microsoft.Extensions.DependencyInjection.Tester\Simplify.DI.Integration.Microsoft.Extensions.DependencyInjection.Tester.csproj", "{F687F392-C4F1-4E53-833A-5639BC7B6A55}"
EndProject
Project("{2150E333-8FDC-42A3-9474-1A3956D46DE8}") = "Integrations", "Integrations", "{FA21CD3B-35DD-44B9-BE46-726CC2AA08C3}"
EndProject
Project("{2150E333-8FDC-42A3-9474-1A3956D46DE8}") = "Providers", "Providers", "{AF1B478A-E87C-40E4-904A-E3C7208C6E89}"
EndProject
Project("{9A19103F-16F7-4668-BE54-9A1E7A4F7556}") = "Simplify.Scheduler.SimpleApp", "Examples\Simplify.Scheduler.SimpleApp\Simplify.Scheduler.SimpleApp.csproj", "{09BC064D-3174-4FDE-B87F-0F21BA067A5D}"
EndProject
Project("{9A19103F-16F7-4668-BE54-9A1E7A4F7556}") = "Simplify.FluentNHibernate.Examples.App", "Examples\Simplify.FluentNHibernate.Examples.App\Simplify.FluentNHibernate.Examples.App.csproj", "{1A825EB4-13D4-45D0-9925-C6AADC3D47EF}"
EndProject
Project("{9A19103F-16F7-4668-BE54-9A1E7A4F7556}") = "Simplify.FluentNHibernate.Examples.Database.IntegrationTests", "Examples\Simplify.FluentNHibernate.Examples.Database.IntegrationTests\Simplify.FluentNHibernate.Examples.Database.IntegrationTests.csproj", "{A772A1FC-2AF8-4411-883D-3646339009BE}"
EndProject
Project("{9A19103F-16F7-4668-BE54-9A1E7A4F7556}") = "Simplify.Wpf", "Simplify.Wpf\Simplify.Wpf.csproj", "{0C1DF149-F9ED-471A-8EBF-B212A9CA7C5B}"
EndProject
Project("{9A19103F-16F7-4668-BE54-9A1E7A4F7556}") = "Simplify.AutoMapper", "Simplify.AutoMapper\Simplify.AutoMapper.csproj", "{6C606F7C-481C-4DB1-8EAB-FB663ED057B3}"
EndProject
Project("{9A19103F-16F7-4668-BE54-9A1E7A4F7556}") = "Simplify.DI.Provider.Autofac", "Simplify.DI.Provider.Autofac\Simplify.DI.Provider.Autofac.csproj", "{C4CFFE8A-9E6A-4603-97DC-C03E5E5FD1CF}"
EndProject
Project("{2150E333-8FDC-42A3-9474-1A3956D46DE8}") = "Tests", "Tests", "{29EC2470-E578-11EB-9EA4-152536D908C7}"
EndProject
Project("{2150E333-8FDC-42A3-9474-1A3956D46DE8}") = "Integration", "Integration", "{3E682160-E578-11EB-9EA4-152536D908C7}"
EndProject
Project("{2150E333-8FDC-42A3-9474-1A3956D46DE8}") = "Unit", "Unit", "{42255070-E578-11EB-9EA4-152536D908C7}"
EndProject
Project("{9A19103F-16F7-4668-BE54-9A1E7A4F7556}") = "Simplify.DI.Integration.Microsoft.Extensions.DependencyInjection.Tester", "..\tests\Integration\Simplify.DI.Integration.Microsoft.Extensions.DependencyInjection.Tester\Simplify.DI.Integration.Microsoft.Extensions.DependencyInjection.Tester.csproj", "{54C32752-AE5A-4180-9FF7-C679251AA1B4}"
EndProject
Project("{9A19103F-16F7-4668-BE54-9A1E7A4F7556}") = "Simplify.AutoMapper.Tests", "..\tests\Unit\Simplify.AutoMapper.Tests\Simplify.AutoMapper.Tests.csproj", "{9C5B2343-53EE-4E31-A759-EF0B7E087911}"
EndProject
Project("{9A19103F-16F7-4668-BE54-9A1E7A4F7556}") = "Simplify.Cryptography.Tests", "..\tests\Unit\Simplify.Cryptography.Tests\Simplify.Cryptography.Tests.csproj", "{1D6B86AB-9332-498C-BF4D-9101B99704B4}"
EndProject
Project("{9A19103F-16F7-4668-BE54-9A1E7A4F7556}") = "Simplify.DI.Provider.Autofac.Tests", "..\tests\Unit\Simplify.DI.Provider.Autofac.Tests\Simplify.DI.Provider.Autofac.Tests.csproj", "{CAD66F0C-FD77-41BB-A7FA-C38D200EEEEE}"
EndProject
Project("{9A19103F-16F7-4668-BE54-9A1E7A4F7556}") = "Simplify.DI.Provider.CastleWindsor.Tests", "..\tests\Unit\Simplify.DI.Provider.CastleWindsor.Tests\Simplify.DI.Provider.CastleWindsor.Tests.csproj", "{174B816D-5728-4D67-B5E5-5FB3E5B265E4}"
EndProject
Project("{9A19103F-16F7-4668-BE54-9A1E7A4F7556}") = "Simplify.DI.Provider.Microsoft.Extensions.DependencyInjection.Tests", "..\tests\Unit\Simplify.DI.Provider.Microsoft.Extensions.DependencyInjection.Tests\Simplify.DI.Provider.Microsoft.Extensions.DependencyInjection.Tests.csproj", "{C87DB56C-90C0-4F64-BA02-93CAE1C58EF5}"
EndProject
Project("{9A19103F-16F7-4668-BE54-9A1E7A4F7556}") = "Simplify.DI.Provider.SimpleInjector.Tests", "..\tests\Unit\Simplify.DI.Provider.SimpleInjector.Tests\Simplify.DI.Provider.SimpleInjector.Tests.csproj", "{5C177D88-C6E8-4235-A00D-F98059D18656}"
EndProject
Project("{9A19103F-16F7-4668-BE54-9A1E7A4F7556}") = "Simplify.DI.Tests", "..\tests\Unit\Simplify.DI.Tests\Simplify.DI.Tests.csproj", "{1BE80A6D-206E-417D-BC84-FA8FB5886274}"
EndProject
Project("{9A19103F-16F7-4668-BE54-9A1E7A4F7556}") = "Simplify.DI.TestsTypes", "..\tests\Unit\Simplify.DI.TestsTypes\Simplify.DI.TestsTypes.csproj", "{F647D175-D6AD-4DD6-AF3D-0A2B63680C60}"
EndProject
Project("{9A19103F-16F7-4668-BE54-9A1E7A4F7556}") = "Simplify.FluentNHibernate.FrameworkTests", "..\tests\Unit\Simplify.FluentNHibernate.FrameworkTests\Simplify.FluentNHibernate.FrameworkTests.csproj", "{53A4B075-B875-4526-B8BE-84F1408B9ECA}"
EndProject
Project("{9A19103F-16F7-4668-BE54-9A1E7A4F7556}") = "Simplify.FluentNHibernate.Tests", "..\tests\Unit\Simplify.FluentNHibernate.Tests\Simplify.FluentNHibernate.Tests.csproj", "{8E3FA951-C96F-4071-9A35-F45AB74CC063}"
EndProject
Project("{9A19103F-16F7-4668-BE54-9A1E7A4F7556}") = "Simplify.IO.Tests", "..\tests\Unit\Simplify.IO.Tests\Simplify.IO.Tests.csproj", "{89A45032-6F55-4C62-94F0-8954B5E497C8}"
EndProject
Project("{9A19103F-16F7-4668-BE54-9A1E7A4F7556}") = "Simplify.Repository.FluentNHibernate.Tests", "..\tests\Unit\Simplify.Repository.FluentNHibernate.Tests\Simplify.Repository.FluentNHibernate.Tests.csproj", "{462B2E46-F483-4C14-B9A7-889239D4FE5A}"
EndProject
Project("{9A19103F-16F7-4668-BE54-9A1E7A4F7556}") = "Simplify.Resources.Tests", "..\tests\Unit\Simplify.Resources.Tests\Simplify.Resources.Tests.csproj", "{251B0F37-A35C-4C0A-8C9F-E0C10C76706E}"
EndProject
Project("{9A19103F-16F7-4668-BE54-9A1E7A4F7556}") = "Simplify.String.Tests", "..\tests\Unit\Simplify.String.Tests\Simplify.String.Tests.csproj", "{A90DD940-6909-44CC-B425-0263E9A6F3F2}"
EndProject
Project("{9A19103F-16F7-4668-BE54-9A1E7A4F7556}") = "Simplify.System.Tests", "..\tests\Unit\Simplify.System.Tests\Simplify.System.Tests.csproj", "{CC34A1EF-AF8A-4FBB-846E-6C96C4DEA00D}"
EndProject
Project("{9A19103F-16F7-4668-BE54-9A1E7A4F7556}") = "Simplify.Templates.Tests", "..\tests\Unit\Simplify.Templates.Tests\Simplify.Templates.Tests.csproj", "{005EAB84-C783-4214-8E0E-F154BFBD521B}"
EndProject
Project("{9A19103F-16F7-4668-BE54-9A1E7A4F7556}") = "Simplify.Xml.Tests", "..\tests\Unit\Simplify.Xml.Tests\Simplify.Xml.Tests.csproj", "{DA870E64-A2CA-4F15-BD08-DC8EE6775143}"
EndProject
Project("{9A19103F-16F7-4668-BE54-9A1E7A4F7556}") = "Simplify.Mail.IntegrationTests", "..\tests\Integration\Simplify.Mail.IntegrationTests\Simplify.Mail.IntegrationTests.csproj", "{3956FD4C-AE5E-4525-A947-BC98A502D8EA}"
EndProject
Project("{9A19103F-16F7-4668-BE54-9A1E7A4F7556}") = "Simplify.Mail.TestConsoleApp", "..\tests\Integration\Simplify.Mail.TestConsoleApp\Simplify.Mail.TestConsoleApp.csproj", "{0E6EBCA8-9A83-4B80-98E9-FAEEFDFF06FF}"
EndProject
Project("{9A19103F-16F7-4668-BE54-9A1E7A4F7556}") = "Simplify.Scheduler.IntegrationTester", "..\tests\Integration\Simplify.Scheduler.IntegrationTester\Simplify.Scheduler.IntegrationTester.csproj", "{23B5E04E-44A2-4FCC-97D4-EA0F27D77D39}"
EndProject
Project("{9A19103F-16F7-4668-BE54-9A1E7A4F7556}") = "Simplify.WindowsServices.IntegrationTester", "..\tests\Integration\Simplify.WindowsServices.IntegrationTester\Simplify.WindowsServices.IntegrationTester.csproj", "{79F9BE1D-3F6D-4332-BFB2-4F38AFE0D8C4}"
EndProject
Project("{2150E333-8FDC-42A3-9474-1A3956D46DE8}") = "DI", "DI", "{93A53260-E57A-11EB-9EA4-152536D908C7}"
EndProject
Global
	GlobalSection(SolutionConfigurationPlatforms) = preSolution
		Debug|Any CPU = Debug|Any CPU
		Release|Any CPU = Release|Any CPU
	EndGlobalSection
	GlobalSection(ProjectConfigurationPlatforms) = postSolution
		{DA27C4E4-081C-4BF6-B6EF-0D1C093450E4}.Debug|Any CPU.ActiveCfg = Debug|Any CPU
		{DA27C4E4-081C-4BF6-B6EF-0D1C093450E4}.Debug|Any CPU.Build.0 = Debug|Any CPU
		{DA27C4E4-081C-4BF6-B6EF-0D1C093450E4}.Release|Any CPU.ActiveCfg = Release|Any CPU
		{DA27C4E4-081C-4BF6-B6EF-0D1C093450E4}.Release|Any CPU.Build.0 = Release|Any CPU
		{9936D660-C421-4155-832E-EDA412A14506}.Debug|Any CPU.ActiveCfg = Debug|Any CPU
		{9936D660-C421-4155-832E-EDA412A14506}.Debug|Any CPU.Build.0 = Debug|Any CPU
		{9936D660-C421-4155-832E-EDA412A14506}.Release|Any CPU.ActiveCfg = Release|Any CPU
		{9936D660-C421-4155-832E-EDA412A14506}.Release|Any CPU.Build.0 = Release|Any CPU
		{7F2A1DE8-B41E-4EC5-B4E2-248FF692E06A}.Debug|Any CPU.ActiveCfg = Debug|Any CPU
		{7F2A1DE8-B41E-4EC5-B4E2-248FF692E06A}.Debug|Any CPU.Build.0 = Debug|Any CPU
		{7F2A1DE8-B41E-4EC5-B4E2-248FF692E06A}.Release|Any CPU.ActiveCfg = Release|Any CPU
		{7F2A1DE8-B41E-4EC5-B4E2-248FF692E06A}.Release|Any CPU.Build.0 = Release|Any CPU
		{B6530CBE-72B9-4EF6-9BDE-20D7220FF5DA}.Debug|Any CPU.ActiveCfg = Debug|Any CPU
		{B6530CBE-72B9-4EF6-9BDE-20D7220FF5DA}.Debug|Any CPU.Build.0 = Debug|Any CPU
		{B6530CBE-72B9-4EF6-9BDE-20D7220FF5DA}.Release|Any CPU.ActiveCfg = Release|Any CPU
		{B6530CBE-72B9-4EF6-9BDE-20D7220FF5DA}.Release|Any CPU.Build.0 = Release|Any CPU
		{F9158939-08D1-4F10-9250-1437A8ED1799}.Debug|Any CPU.ActiveCfg = Debug|Any CPU
		{F9158939-08D1-4F10-9250-1437A8ED1799}.Debug|Any CPU.Build.0 = Debug|Any CPU
		{F9158939-08D1-4F10-9250-1437A8ED1799}.Release|Any CPU.ActiveCfg = Release|Any CPU
		{F9158939-08D1-4F10-9250-1437A8ED1799}.Release|Any CPU.Build.0 = Release|Any CPU
		{0F73C429-1B2F-48B7-9D38-20DA17AD350B}.Debug|Any CPU.ActiveCfg = Debug|Any CPU
		{0F73C429-1B2F-48B7-9D38-20DA17AD350B}.Debug|Any CPU.Build.0 = Debug|Any CPU
		{0F73C429-1B2F-48B7-9D38-20DA17AD350B}.Release|Any CPU.ActiveCfg = Release|Any CPU
		{0F73C429-1B2F-48B7-9D38-20DA17AD350B}.Release|Any CPU.Build.0 = Release|Any CPU
		{5D326E8A-851B-4537-A477-838709FDB965}.Debug|Any CPU.ActiveCfg = Debug|Any CPU
		{5D326E8A-851B-4537-A477-838709FDB965}.Debug|Any CPU.Build.0 = Debug|Any CPU
		{5D326E8A-851B-4537-A477-838709FDB965}.Release|Any CPU.ActiveCfg = Release|Any CPU
		{5D326E8A-851B-4537-A477-838709FDB965}.Release|Any CPU.Build.0 = Release|Any CPU
		{959DF948-6208-4EA2-BBB8-BA87E6FDCAB7}.Debug|Any CPU.ActiveCfg = Debug|Any CPU
		{959DF948-6208-4EA2-BBB8-BA87E6FDCAB7}.Debug|Any CPU.Build.0 = Debug|Any CPU
		{959DF948-6208-4EA2-BBB8-BA87E6FDCAB7}.Release|Any CPU.ActiveCfg = Release|Any CPU
		{959DF948-6208-4EA2-BBB8-BA87E6FDCAB7}.Release|Any CPU.Build.0 = Release|Any CPU
		{C197714E-8EBA-4A27-8370-A6F8D1648762}.Debug|Any CPU.ActiveCfg = Debug|Any CPU
		{C197714E-8EBA-4A27-8370-A6F8D1648762}.Debug|Any CPU.Build.0 = Debug|Any CPU
		{C197714E-8EBA-4A27-8370-A6F8D1648762}.Release|Any CPU.ActiveCfg = Release|Any CPU
		{C197714E-8EBA-4A27-8370-A6F8D1648762}.Release|Any CPU.Build.0 = Release|Any CPU
		{95BAF8DC-B67D-4C65-82EF-7097199B256A}.Debug|Any CPU.ActiveCfg = Debug|Any CPU
		{95BAF8DC-B67D-4C65-82EF-7097199B256A}.Debug|Any CPU.Build.0 = Debug|Any CPU
		{95BAF8DC-B67D-4C65-82EF-7097199B256A}.Release|Any CPU.ActiveCfg = Release|Any CPU
		{95BAF8DC-B67D-4C65-82EF-7097199B256A}.Release|Any CPU.Build.0 = Release|Any CPU
		{A0BFE550-8E25-422A-89EC-821EB712392C}.Debug|Any CPU.ActiveCfg = Debug|Any CPU
		{A0BFE550-8E25-422A-89EC-821EB712392C}.Debug|Any CPU.Build.0 = Debug|Any CPU
		{A0BFE550-8E25-422A-89EC-821EB712392C}.Release|Any CPU.ActiveCfg = Release|Any CPU
		{A0BFE550-8E25-422A-89EC-821EB712392C}.Release|Any CPU.Build.0 = Release|Any CPU
		{B0649DEA-1801-4BC4-97B0-756A796569CD}.Debug|Any CPU.ActiveCfg = Debug|Any CPU
		{B0649DEA-1801-4BC4-97B0-756A796569CD}.Debug|Any CPU.Build.0 = Debug|Any CPU
		{B0649DEA-1801-4BC4-97B0-756A796569CD}.Release|Any CPU.ActiveCfg = Release|Any CPU
		{B0649DEA-1801-4BC4-97B0-756A796569CD}.Release|Any CPU.Build.0 = Release|Any CPU
		{43FEB1F0-BEBC-4736-A67B-70A883747449}.Debug|Any CPU.ActiveCfg = Debug|Any CPU
		{43FEB1F0-BEBC-4736-A67B-70A883747449}.Debug|Any CPU.Build.0 = Debug|Any CPU
		{43FEB1F0-BEBC-4736-A67B-70A883747449}.Release|Any CPU.ActiveCfg = Release|Any CPU
		{43FEB1F0-BEBC-4736-A67B-70A883747449}.Release|Any CPU.Build.0 = Release|Any CPU
		{BB69325D-028C-4F20-8F46-B0F4D70598C8}.Debug|Any CPU.ActiveCfg = Debug|Any CPU
		{BB69325D-028C-4F20-8F46-B0F4D70598C8}.Debug|Any CPU.Build.0 = Debug|Any CPU
		{BB69325D-028C-4F20-8F46-B0F4D70598C8}.Release|Any CPU.ActiveCfg = Release|Any CPU
		{BB69325D-028C-4F20-8F46-B0F4D70598C8}.Release|Any CPU.Build.0 = Release|Any CPU
		{F83B9317-345D-4815-AC12-E71C0684CFEA}.Debug|Any CPU.ActiveCfg = Debug|Any CPU
		{F83B9317-345D-4815-AC12-E71C0684CFEA}.Debug|Any CPU.Build.0 = Debug|Any CPU
		{F83B9317-345D-4815-AC12-E71C0684CFEA}.Release|Any CPU.ActiveCfg = Release|Any CPU
		{F83B9317-345D-4815-AC12-E71C0684CFEA}.Release|Any CPU.Build.0 = Release|Any CPU
		{24E43EA7-A88B-405D-B343-E4919147F70C}.Debug|Any CPU.ActiveCfg = Debug|Any CPU
		{24E43EA7-A88B-405D-B343-E4919147F70C}.Debug|Any CPU.Build.0 = Debug|Any CPU
		{24E43EA7-A88B-405D-B343-E4919147F70C}.Release|Any CPU.ActiveCfg = Release|Any CPU
		{24E43EA7-A88B-405D-B343-E4919147F70C}.Release|Any CPU.Build.0 = Release|Any CPU
		{27EAB5AE-F310-4A41-8D2F-59F773654783}.Debug|Any CPU.ActiveCfg = Debug|Any CPU
		{27EAB5AE-F310-4A41-8D2F-59F773654783}.Debug|Any CPU.Build.0 = Debug|Any CPU
		{27EAB5AE-F310-4A41-8D2F-59F773654783}.Release|Any CPU.ActiveCfg = Release|Any CPU
		{27EAB5AE-F310-4A41-8D2F-59F773654783}.Release|Any CPU.Build.0 = Release|Any CPU
		{E62E8148-E29B-4933-A336-5D3740FEB8CB}.Debug|Any CPU.ActiveCfg = Debug|Any CPU
		{E62E8148-E29B-4933-A336-5D3740FEB8CB}.Debug|Any CPU.Build.0 = Debug|Any CPU
		{E62E8148-E29B-4933-A336-5D3740FEB8CB}.Release|Any CPU.ActiveCfg = Release|Any CPU
		{E62E8148-E29B-4933-A336-5D3740FEB8CB}.Release|Any CPU.Build.0 = Release|Any CPU
		{9EB05935-EAD1-4B3C-B758-0AF26338C474}.Debug|Any CPU.ActiveCfg = Debug|Any CPU
		{9EB05935-EAD1-4B3C-B758-0AF26338C474}.Debug|Any CPU.Build.0 = Debug|Any CPU
		{9EB05935-EAD1-4B3C-B758-0AF26338C474}.Release|Any CPU.ActiveCfg = Release|Any CPU
		{9EB05935-EAD1-4B3C-B758-0AF26338C474}.Release|Any CPU.Build.0 = Release|Any CPU
		{FB81EF87-C5C4-4D03-B229-2CC7DF3CF970}.Debug|Any CPU.ActiveCfg = Debug|Any CPU
		{FB81EF87-C5C4-4D03-B229-2CC7DF3CF970}.Debug|Any CPU.Build.0 = Debug|Any CPU
		{FB81EF87-C5C4-4D03-B229-2CC7DF3CF970}.Release|Any CPU.ActiveCfg = Release|Any CPU
		{FB81EF87-C5C4-4D03-B229-2CC7DF3CF970}.Release|Any CPU.Build.0 = Release|Any CPU
		{B8C5D2EA-6129-4F79-9753-2AA4DB98BA66}.Debug|Any CPU.ActiveCfg = Debug|Any CPU
		{B8C5D2EA-6129-4F79-9753-2AA4DB98BA66}.Debug|Any CPU.Build.0 = Debug|Any CPU
		{B8C5D2EA-6129-4F79-9753-2AA4DB98BA66}.Release|Any CPU.ActiveCfg = Release|Any CPU
		{B8C5D2EA-6129-4F79-9753-2AA4DB98BA66}.Release|Any CPU.Build.0 = Release|Any CPU
		{529D0CE0-F84C-4638-8EBF-54B6CA34ABD9}.Debug|Any CPU.ActiveCfg = Debug|Any CPU
		{529D0CE0-F84C-4638-8EBF-54B6CA34ABD9}.Debug|Any CPU.Build.0 = Debug|Any CPU
		{529D0CE0-F84C-4638-8EBF-54B6CA34ABD9}.Release|Any CPU.ActiveCfg = Release|Any CPU
		{529D0CE0-F84C-4638-8EBF-54B6CA34ABD9}.Release|Any CPU.Build.0 = Release|Any CPU
		{621710A3-6FC9-40E4-B8AF-9FB636762889}.Debug|Any CPU.ActiveCfg = Debug|Any CPU
		{621710A3-6FC9-40E4-B8AF-9FB636762889}.Debug|Any CPU.Build.0 = Debug|Any CPU
		{621710A3-6FC9-40E4-B8AF-9FB636762889}.Release|Any CPU.ActiveCfg = Release|Any CPU
		{621710A3-6FC9-40E4-B8AF-9FB636762889}.Release|Any CPU.Build.0 = Release|Any CPU
		{A07ABF66-0516-4CE6-813A-8CAF4E7D5022}.Debug|Any CPU.ActiveCfg = Debug|Any CPU
		{A07ABF66-0516-4CE6-813A-8CAF4E7D5022}.Debug|Any CPU.Build.0 = Debug|Any CPU
		{A07ABF66-0516-4CE6-813A-8CAF4E7D5022}.Release|Any CPU.ActiveCfg = Release|Any CPU
		{A07ABF66-0516-4CE6-813A-8CAF4E7D5022}.Release|Any CPU.Build.0 = Release|Any CPU
		{F687F392-C4F1-4E53-833A-5639BC7B6A55}.Debug|Any CPU.ActiveCfg = Debug|Any CPU
		{F687F392-C4F1-4E53-833A-5639BC7B6A55}.Debug|Any CPU.Build.0 = Debug|Any CPU
		{F687F392-C4F1-4E53-833A-5639BC7B6A55}.Release|Any CPU.ActiveCfg = Release|Any CPU
		{F687F392-C4F1-4E53-833A-5639BC7B6A55}.Release|Any CPU.Build.0 = Release|Any CPU
		{09BC064D-3174-4FDE-B87F-0F21BA067A5D}.Debug|Any CPU.ActiveCfg = Debug|Any CPU
		{09BC064D-3174-4FDE-B87F-0F21BA067A5D}.Debug|Any CPU.Build.0 = Debug|Any CPU
		{09BC064D-3174-4FDE-B87F-0F21BA067A5D}.Release|Any CPU.ActiveCfg = Release|Any CPU
		{09BC064D-3174-4FDE-B87F-0F21BA067A5D}.Release|Any CPU.Build.0 = Release|Any CPU
		{1A825EB4-13D4-45D0-9925-C6AADC3D47EF}.Debug|Any CPU.ActiveCfg = Debug|Any CPU
		{1A825EB4-13D4-45D0-9925-C6AADC3D47EF}.Debug|Any CPU.Build.0 = Debug|Any CPU
		{1A825EB4-13D4-45D0-9925-C6AADC3D47EF}.Release|Any CPU.ActiveCfg = Release|Any CPU
		{1A825EB4-13D4-45D0-9925-C6AADC3D47EF}.Release|Any CPU.Build.0 = Release|Any CPU
		{A772A1FC-2AF8-4411-883D-3646339009BE}.Debug|Any CPU.ActiveCfg = Debug|Any CPU
		{A772A1FC-2AF8-4411-883D-3646339009BE}.Debug|Any CPU.Build.0 = Debug|Any CPU
		{A772A1FC-2AF8-4411-883D-3646339009BE}.Release|Any CPU.ActiveCfg = Release|Any CPU
		{A772A1FC-2AF8-4411-883D-3646339009BE}.Release|Any CPU.Build.0 = Release|Any CPU
		{0C1DF149-F9ED-471A-8EBF-B212A9CA7C5B}.Debug|Any CPU.ActiveCfg = Debug|Any CPU
		{0C1DF149-F9ED-471A-8EBF-B212A9CA7C5B}.Debug|Any CPU.Build.0 = Debug|Any CPU
		{0C1DF149-F9ED-471A-8EBF-B212A9CA7C5B}.Release|Any CPU.ActiveCfg = Release|Any CPU
		{0C1DF149-F9ED-471A-8EBF-B212A9CA7C5B}.Release|Any CPU.Build.0 = Release|Any CPU
		{6C606F7C-481C-4DB1-8EAB-FB663ED057B3}.Debug|Any CPU.ActiveCfg = Debug|Any CPU
		{6C606F7C-481C-4DB1-8EAB-FB663ED057B3}.Debug|Any CPU.Build.0 = Debug|Any CPU
		{6C606F7C-481C-4DB1-8EAB-FB663ED057B3}.Release|Any CPU.ActiveCfg = Release|Any CPU
		{6C606F7C-481C-4DB1-8EAB-FB663ED057B3}.Release|Any CPU.Build.0 = Release|Any CPU
		{C4CFFE8A-9E6A-4603-97DC-C03E5E5FD1CF}.Debug|Any CPU.ActiveCfg = Debug|Any CPU
		{C4CFFE8A-9E6A-4603-97DC-C03E5E5FD1CF}.Debug|Any CPU.Build.0 = Debug|Any CPU
		{C4CFFE8A-9E6A-4603-97DC-C03E5E5FD1CF}.Release|Any CPU.ActiveCfg = Release|Any CPU
		{C4CFFE8A-9E6A-4603-97DC-C03E5E5FD1CF}.Release|Any CPU.Build.0 = Release|Any CPU
		{54C32752-AE5A-4180-9FF7-C679251AA1B4}.Debug|Any CPU.ActiveCfg = Debug|Any CPU
		{54C32752-AE5A-4180-9FF7-C679251AA1B4}.Debug|Any CPU.Build.0 = Debug|Any CPU
		{54C32752-AE5A-4180-9FF7-C679251AA1B4}.Release|Any CPU.ActiveCfg = Release|Any CPU
		{54C32752-AE5A-4180-9FF7-C679251AA1B4}.Release|Any CPU.Build.0 = Release|Any CPU
		{9C5B2343-53EE-4E31-A759-EF0B7E087911}.Debug|Any CPU.ActiveCfg = Debug|Any CPU
		{9C5B2343-53EE-4E31-A759-EF0B7E087911}.Debug|Any CPU.Build.0 = Debug|Any CPU
		{9C5B2343-53EE-4E31-A759-EF0B7E087911}.Release|Any CPU.ActiveCfg = Release|Any CPU
		{9C5B2343-53EE-4E31-A759-EF0B7E087911}.Release|Any CPU.Build.0 = Release|Any CPU
		{1D6B86AB-9332-498C-BF4D-9101B99704B4}.Debug|Any CPU.ActiveCfg = Debug|Any CPU
		{1D6B86AB-9332-498C-BF4D-9101B99704B4}.Debug|Any CPU.Build.0 = Debug|Any CPU
		{1D6B86AB-9332-498C-BF4D-9101B99704B4}.Release|Any CPU.ActiveCfg = Release|Any CPU
		{1D6B86AB-9332-498C-BF4D-9101B99704B4}.Release|Any CPU.Build.0 = Release|Any CPU
		{CAD66F0C-FD77-41BB-A7FA-C38D200EEEEE}.Debug|Any CPU.ActiveCfg = Debug|Any CPU
		{CAD66F0C-FD77-41BB-A7FA-C38D200EEEEE}.Debug|Any CPU.Build.0 = Debug|Any CPU
		{CAD66F0C-FD77-41BB-A7FA-C38D200EEEEE}.Release|Any CPU.ActiveCfg = Release|Any CPU
		{CAD66F0C-FD77-41BB-A7FA-C38D200EEEEE}.Release|Any CPU.Build.0 = Release|Any CPU
		{174B816D-5728-4D67-B5E5-5FB3E5B265E4}.Debug|Any CPU.ActiveCfg = Debug|Any CPU
		{174B816D-5728-4D67-B5E5-5FB3E5B265E4}.Debug|Any CPU.Build.0 = Debug|Any CPU
		{174B816D-5728-4D67-B5E5-5FB3E5B265E4}.Release|Any CPU.ActiveCfg = Release|Any CPU
		{174B816D-5728-4D67-B5E5-5FB3E5B265E4}.Release|Any CPU.Build.0 = Release|Any CPU
		{C87DB56C-90C0-4F64-BA02-93CAE1C58EF5}.Debug|Any CPU.ActiveCfg = Debug|Any CPU
		{C87DB56C-90C0-4F64-BA02-93CAE1C58EF5}.Debug|Any CPU.Build.0 = Debug|Any CPU
		{C87DB56C-90C0-4F64-BA02-93CAE1C58EF5}.Release|Any CPU.ActiveCfg = Release|Any CPU
		{C87DB56C-90C0-4F64-BA02-93CAE1C58EF5}.Release|Any CPU.Build.0 = Release|Any CPU
		{5C177D88-C6E8-4235-A00D-F98059D18656}.Debug|Any CPU.ActiveCfg = Debug|Any CPU
		{5C177D88-C6E8-4235-A00D-F98059D18656}.Debug|Any CPU.Build.0 = Debug|Any CPU
		{5C177D88-C6E8-4235-A00D-F98059D18656}.Release|Any CPU.ActiveCfg = Release|Any CPU
		{5C177D88-C6E8-4235-A00D-F98059D18656}.Release|Any CPU.Build.0 = Release|Any CPU
		{1BE80A6D-206E-417D-BC84-FA8FB5886274}.Debug|Any CPU.ActiveCfg = Debug|Any CPU
		{1BE80A6D-206E-417D-BC84-FA8FB5886274}.Debug|Any CPU.Build.0 = Debug|Any CPU
		{1BE80A6D-206E-417D-BC84-FA8FB5886274}.Release|Any CPU.ActiveCfg = Release|Any CPU
		{1BE80A6D-206E-417D-BC84-FA8FB5886274}.Release|Any CPU.Build.0 = Release|Any CPU
		{F647D175-D6AD-4DD6-AF3D-0A2B63680C60}.Debug|Any CPU.ActiveCfg = Debug|Any CPU
		{F647D175-D6AD-4DD6-AF3D-0A2B63680C60}.Debug|Any CPU.Build.0 = Debug|Any CPU
		{F647D175-D6AD-4DD6-AF3D-0A2B63680C60}.Release|Any CPU.ActiveCfg = Release|Any CPU
		{F647D175-D6AD-4DD6-AF3D-0A2B63680C60}.Release|Any CPU.Build.0 = Release|Any CPU
		{53A4B075-B875-4526-B8BE-84F1408B9ECA}.Debug|Any CPU.ActiveCfg = Debug|Any CPU
		{53A4B075-B875-4526-B8BE-84F1408B9ECA}.Debug|Any CPU.Build.0 = Debug|Any CPU
		{53A4B075-B875-4526-B8BE-84F1408B9ECA}.Release|Any CPU.ActiveCfg = Release|Any CPU
		{53A4B075-B875-4526-B8BE-84F1408B9ECA}.Release|Any CPU.Build.0 = Release|Any CPU
		{8E3FA951-C96F-4071-9A35-F45AB74CC063}.Debug|Any CPU.ActiveCfg = Debug|Any CPU
		{8E3FA951-C96F-4071-9A35-F45AB74CC063}.Debug|Any CPU.Build.0 = Debug|Any CPU
		{8E3FA951-C96F-4071-9A35-F45AB74CC063}.Release|Any CPU.ActiveCfg = Release|Any CPU
		{8E3FA951-C96F-4071-9A35-F45AB74CC063}.Release|Any CPU.Build.0 = Release|Any CPU
		{89A45032-6F55-4C62-94F0-8954B5E497C8}.Debug|Any CPU.ActiveCfg = Debug|Any CPU
		{89A45032-6F55-4C62-94F0-8954B5E497C8}.Debug|Any CPU.Build.0 = Debug|Any CPU
		{89A45032-6F55-4C62-94F0-8954B5E497C8}.Release|Any CPU.ActiveCfg = Release|Any CPU
		{89A45032-6F55-4C62-94F0-8954B5E497C8}.Release|Any CPU.Build.0 = Release|Any CPU
		{462B2E46-F483-4C14-B9A7-889239D4FE5A}.Debug|Any CPU.ActiveCfg = Debug|Any CPU
		{462B2E46-F483-4C14-B9A7-889239D4FE5A}.Debug|Any CPU.Build.0 = Debug|Any CPU
		{462B2E46-F483-4C14-B9A7-889239D4FE5A}.Release|Any CPU.ActiveCfg = Release|Any CPU
		{462B2E46-F483-4C14-B9A7-889239D4FE5A}.Release|Any CPU.Build.0 = Release|Any CPU
		{251B0F37-A35C-4C0A-8C9F-E0C10C76706E}.Debug|Any CPU.ActiveCfg = Debug|Any CPU
		{251B0F37-A35C-4C0A-8C9F-E0C10C76706E}.Debug|Any CPU.Build.0 = Debug|Any CPU
		{251B0F37-A35C-4C0A-8C9F-E0C10C76706E}.Release|Any CPU.ActiveCfg = Release|Any CPU
		{251B0F37-A35C-4C0A-8C9F-E0C10C76706E}.Release|Any CPU.Build.0 = Release|Any CPU
		{A90DD940-6909-44CC-B425-0263E9A6F3F2}.Debug|Any CPU.ActiveCfg = Debug|Any CPU
		{A90DD940-6909-44CC-B425-0263E9A6F3F2}.Debug|Any CPU.Build.0 = Debug|Any CPU
		{A90DD940-6909-44CC-B425-0263E9A6F3F2}.Release|Any CPU.ActiveCfg = Release|Any CPU
		{A90DD940-6909-44CC-B425-0263E9A6F3F2}.Release|Any CPU.Build.0 = Release|Any CPU
		{CC34A1EF-AF8A-4FBB-846E-6C96C4DEA00D}.Debug|Any CPU.ActiveCfg = Debug|Any CPU
		{CC34A1EF-AF8A-4FBB-846E-6C96C4DEA00D}.Debug|Any CPU.Build.0 = Debug|Any CPU
		{CC34A1EF-AF8A-4FBB-846E-6C96C4DEA00D}.Release|Any CPU.ActiveCfg = Release|Any CPU
		{CC34A1EF-AF8A-4FBB-846E-6C96C4DEA00D}.Release|Any CPU.Build.0 = Release|Any CPU
		{005EAB84-C783-4214-8E0E-F154BFBD521B}.Debug|Any CPU.ActiveCfg = Debug|Any CPU
		{005EAB84-C783-4214-8E0E-F154BFBD521B}.Debug|Any CPU.Build.0 = Debug|Any CPU
		{005EAB84-C783-4214-8E0E-F154BFBD521B}.Release|Any CPU.ActiveCfg = Release|Any CPU
		{005EAB84-C783-4214-8E0E-F154BFBD521B}.Release|Any CPU.Build.0 = Release|Any CPU
		{DA870E64-A2CA-4F15-BD08-DC8EE6775143}.Debug|Any CPU.ActiveCfg = Debug|Any CPU
		{DA870E64-A2CA-4F15-BD08-DC8EE6775143}.Debug|Any CPU.Build.0 = Debug|Any CPU
		{DA870E64-A2CA-4F15-BD08-DC8EE6775143}.Release|Any CPU.ActiveCfg = Release|Any CPU
		{DA870E64-A2CA-4F15-BD08-DC8EE6775143}.Release|Any CPU.Build.0 = Release|Any CPU
		{3956FD4C-AE5E-4525-A947-BC98A502D8EA}.Debug|Any CPU.ActiveCfg = Debug|Any CPU
		{3956FD4C-AE5E-4525-A947-BC98A502D8EA}.Debug|Any CPU.Build.0 = Debug|Any CPU
		{3956FD4C-AE5E-4525-A947-BC98A502D8EA}.Release|Any CPU.ActiveCfg = Release|Any CPU
		{3956FD4C-AE5E-4525-A947-BC98A502D8EA}.Release|Any CPU.Build.0 = Release|Any CPU
		{0E6EBCA8-9A83-4B80-98E9-FAEEFDFF06FF}.Debug|Any CPU.ActiveCfg = Debug|Any CPU
		{0E6EBCA8-9A83-4B80-98E9-FAEEFDFF06FF}.Debug|Any CPU.Build.0 = Debug|Any CPU
		{0E6EBCA8-9A83-4B80-98E9-FAEEFDFF06FF}.Release|Any CPU.ActiveCfg = Release|Any CPU
		{0E6EBCA8-9A83-4B80-98E9-FAEEFDFF06FF}.Release|Any CPU.Build.0 = Release|Any CPU
		{23B5E04E-44A2-4FCC-97D4-EA0F27D77D39}.Debug|Any CPU.ActiveCfg = Debug|Any CPU
		{23B5E04E-44A2-4FCC-97D4-EA0F27D77D39}.Debug|Any CPU.Build.0 = Debug|Any CPU
		{23B5E04E-44A2-4FCC-97D4-EA0F27D77D39}.Release|Any CPU.ActiveCfg = Release|Any CPU
		{23B5E04E-44A2-4FCC-97D4-EA0F27D77D39}.Release|Any CPU.Build.0 = Release|Any CPU
		{79F9BE1D-3F6D-4332-BFB2-4F38AFE0D8C4}.Debug|Any CPU.ActiveCfg = Debug|Any CPU
		{79F9BE1D-3F6D-4332-BFB2-4F38AFE0D8C4}.Debug|Any CPU.Build.0 = Debug|Any CPU
		{79F9BE1D-3F6D-4332-BFB2-4F38AFE0D8C4}.Release|Any CPU.ActiveCfg = Release|Any CPU
		{79F9BE1D-3F6D-4332-BFB2-4F38AFE0D8C4}.Release|Any CPU.Build.0 = Release|Any CPU
	EndGlobalSection
	GlobalSection(SolutionProperties) = preSolution
		HideSolutionNode = FALSE
	EndGlobalSection
	GlobalSection(NestedProjects) = preSolution
		{5D326E8A-851B-4537-A477-838709FDB965} = {2D057C2A-06BD-48F2-A075-B6EC42D39007}
		{959DF948-6208-4EA2-BBB8-BA87E6FDCAB7} = {2D057C2A-06BD-48F2-A075-B6EC42D39007}
		{F83B9317-345D-4815-AC12-E71C0684CFEA} = {2D619A98-03A6-434F-B8CA-4473D4F8C52A}
		{24E43EA7-A88B-405D-B343-E4919147F70C} = {AF1B478A-E87C-40E4-904A-E3C7208C6E89}
		{27EAB5AE-F310-4A41-8D2F-59F773654783} = {AF1B478A-E87C-40E4-904A-E3C7208C6E89}
		{E62E8148-E29B-4933-A336-5D3740FEB8CB} = {88B3AA14-8F8E-429F-A4E9-4B2423CF4279}
		{9EB05935-EAD1-4B3C-B758-0AF26338C474} = {F43AE642-DC80-4BE0-93BD-8B718950C8BD}
		{FB81EF87-C5C4-4D03-B229-2CC7DF3CF970} = {F43AE642-DC80-4BE0-93BD-8B718950C8BD}
		{529D0CE0-F84C-4638-8EBF-54B6CA34ABD9} = {AF1B478A-E87C-40E4-904A-E3C7208C6E89}
		{9092D210-2587-4E81-934B-5E4918EE1C5F} = {FA21CD3B-35DD-44B9-BE46-726CC2AA08C3}
		{88B3AA14-8F8E-429F-A4E9-4B2423CF4279} = {FA21CD3B-35DD-44B9-BE46-726CC2AA08C3}
		{A07ABF66-0516-4CE6-813A-8CAF4E7D5022} = {9092D210-2587-4E81-934B-5E4918EE1C5F}
		{F687F392-C4F1-4E53-833A-5639BC7B6A55} = {9092D210-2587-4E81-934B-5E4918EE1C5F}
		{FA21CD3B-35DD-44B9-BE46-726CC2AA08C3} = {2D619A98-03A6-434F-B8CA-4473D4F8C52A}
		{AF1B478A-E87C-40E4-904A-E3C7208C6E89} = {2D619A98-03A6-434F-B8CA-4473D4F8C52A}
		{09BC064D-3174-4FDE-B87F-0F21BA067A5D} = {2D057C2A-06BD-48F2-A075-B6EC42D39007}
		{1A825EB4-13D4-45D0-9925-C6AADC3D47EF} = {2D057C2A-06BD-48F2-A075-B6EC42D39007}
		{A772A1FC-2AF8-4411-883D-3646339009BE} = {2D057C2A-06BD-48F2-A075-B6EC42D39007}
		{C4CFFE8A-9E6A-4603-97DC-C03E5E5FD1CF} = {AF1B478A-E87C-40E4-904A-E3C7208C6E89}
		{3E682160-E578-11EB-9EA4-152536D908C7} = {29EC2470-E578-11EB-9EA4-152536D908C7}
		{42255070-E578-11EB-9EA4-152536D908C7} = {29EC2470-E578-11EB-9EA4-152536D908C7}
		{54C32752-AE5A-4180-9FF7-C679251AA1B4} = {3E682160-E578-11EB-9EA4-152536D908C7}
		{9C5B2343-53EE-4E31-A759-EF0B7E087911} = {42255070-E578-11EB-9EA4-152536D908C7}
		{1D6B86AB-9332-498C-BF4D-9101B99704B4} = {42255070-E578-11EB-9EA4-152536D908C7}
		{CAD66F0C-FD77-41BB-A7FA-C38D200EEEEE} = {93A53260-E57A-11EB-9EA4-152536D908C7}
		{174B816D-5728-4D67-B5E5-5FB3E5B265E4} = {93A53260-E57A-11EB-9EA4-152536D908C7}
		{C87DB56C-90C0-4F64-BA02-93CAE1C58EF5} = {93A53260-E57A-11EB-9EA4-152536D908C7}
		{5C177D88-C6E8-4235-A00D-F98059D18656} = {93A53260-E57A-11EB-9EA4-152536D908C7}
		{1BE80A6D-206E-417D-BC84-FA8FB5886274} = {93A53260-E57A-11EB-9EA4-152536D908C7}
		{F647D175-D6AD-4DD6-AF3D-0A2B63680C60} = {93A53260-E57A-11EB-9EA4-152536D908C7}
		{53A4B075-B875-4526-B8BE-84F1408B9ECA} = {42255070-E578-11EB-9EA4-152536D908C7}
		{8E3FA951-C96F-4071-9A35-F45AB74CC063} = {42255070-E578-11EB-9EA4-152536D908C7}
		{89A45032-6F55-4C62-94F0-8954B5E497C8} = {42255070-E578-11EB-9EA4-152536D908C7}
		{462B2E46-F483-4C14-B9A7-889239D4FE5A} = {42255070-E578-11EB-9EA4-152536D908C7}
		{251B0F37-A35C-4C0A-8C9F-E0C10C76706E} = {42255070-E578-11EB-9EA4-152536D908C7}
		{A90DD940-6909-44CC-B425-0263E9A6F3F2} = {42255070-E578-11EB-9EA4-152536D908C7}
		{CC34A1EF-AF8A-4FBB-846E-6C96C4DEA00D} = {42255070-E578-11EB-9EA4-152536D908C7}
		{005EAB84-C783-4214-8E0E-F154BFBD521B} = {42255070-E578-11EB-9EA4-152536D908C7}
		{DA870E64-A2CA-4F15-BD08-DC8EE6775143} = {42255070-E578-11EB-9EA4-152536D908C7}
		{3956FD4C-AE5E-4525-A947-BC98A502D8EA} = {3E682160-E578-11EB-9EA4-152536D908C7}
		{0E6EBCA8-9A83-4B80-98E9-FAEEFDFF06FF} = {3E682160-E578-11EB-9EA4-152536D908C7}
		{23B5E04E-44A2-4FCC-97D4-EA0F27D77D39} = {3E682160-E578-11EB-9EA4-152536D908C7}
		{79F9BE1D-3F6D-4332-BFB2-4F38AFE0D8C4} = {3E682160-E578-11EB-9EA4-152536D908C7}
		{93A53260-E57A-11EB-9EA4-152536D908C7} = {42255070-E578-11EB-9EA4-152536D908C7}
	EndGlobalSection
	GlobalSection(ExtensibilityGlobals) = postSolution
		SolutionGuid = {466E8FF6-456A-4262-A9ED-5E88DB8DCB08}
	EndGlobalSection
EndGlobal
